
Microsoft Visual Studio Solution File, Format Version 12.00
# Visual Studio Version 17
VisualStudioVersion = 17.8.34525.116
MinimumVisualStudioVersion = 10.0.40219.1
Project("{FAE04EC0-301F-11D3-BF4B-00C04F79EFBC}") = "WinFormsApp1", "WinFormsApp1\WinFormsApp1.csproj", "{04743EEC-E181-4D7C-9E74-FE7E7DEB2482}"
EndProject
Global
	GlobalSection(SolutionConfigurationPlatforms) = preSolution
		Debug|Any CPU = Debug|Any CPU
		Release|Any CPU = Release|Any CPU
	EndGlobalSection
	GlobalSection(ProjectConfigurationPlatforms) = postSolution
		{04743EEC-E181-4D7C-9E74-FE7E7DEB2482}.Debug|Any CPU.ActiveCfg = Debug|Any CPU
		{04743EEC-E181-4D7C-9E74-FE7E7DEB2482}.Debug|Any CPU.Build.0 = Debug|Any CPU
		{04743EEC-E181-4D7C-9E74-FE7E7DEB2482}.Release|Any CPU.ActiveCfg = Release|Any CPU
		{04743EEC-E181-4D7C-9E74-FE7E7DEB2482}.Release|Any CPU.Build.0 = Release|Any CPU
	EndGlobalSection
	GlobalSection(SolutionProperties) = preSolution
		HideSolutionNode = FALSE
	EndGlobalSection
	GlobalSection(ExtensibilityGlobals) = postSolution
		SolutionGuid = {A4B687FD-56D3-41E0-ADAB-07AAD6B1B62E}
	EndGlobalSection
EndGlobal
